
Microsoft Visual Studio Solution File, Format Version 12.00
# Visual Studio Version 17
VisualStudioVersion = 17.1.32407.343
MinimumVisualStudioVersion = 10.0.40219.1
Project("{FAE04EC0-301F-11D3-BF4B-00C04F79EFBC}") = "NewGitProject", "NewGitProject\NewGitProject.csproj", "{183FE786-CEF1-47AC-8FEC-5DA42DC5DFBE}"
EndProject
Global
	GlobalSection(SolutionConfigurationPlatforms) = preSolution
		Debug|Any CPU = Debug|Any CPU
		Release|Any CPU = Release|Any CPU
	EndGlobalSection
	GlobalSection(ProjectConfigurationPlatforms) = postSolution
		{183FE786-CEF1-47AC-8FEC-5DA42DC5DFBE}.Debug|Any CPU.ActiveCfg = Debug|Any CPU
		{183FE786-CEF1-47AC-8FEC-5DA42DC5DFBE}.Debug|Any CPU.Build.0 = Debug|Any CPU
		{183FE786-CEF1-47AC-8FEC-5DA42DC5DFBE}.Release|Any CPU.ActiveCfg = Release|Any CPU
		{183FE786-CEF1-47AC-8FEC-5DA42DC5DFBE}.Release|Any CPU.Build.0 = Release|Any CPU
	EndGlobalSection
	GlobalSection(SolutionProperties) = preSolution
		HideSolutionNode = FALSE
	EndGlobalSection
	GlobalSection(ExtensibilityGlobals) = postSolution
		SolutionGuid = {D250BD22-8610-440B-98E6-2DBCC73C72EB}
	EndGlobalSection
EndGlobal
